
Microsoft Visual Studio Solution File, Format Version 12.00
# Visual Studio Version 16
VisualStudioVersion = 16.0.30523.141
MinimumVisualStudioVersion = 10.0.40219.1
Project("{FAE04EC0-301F-11D3-BF4B-00C04F79EFBC}") = "ProjectManagerCore", "ProjectManagerCore.csproj", "{5846AEA8-86C9-4F86-81E7-282652939504}"
EndProject
Global
	GlobalSection(SolutionConfigurationPlatforms) = preSolution
		Debug|Any CPU = Debug|Any CPU
		Release|Any CPU = Release|Any CPU
	EndGlobalSection
	GlobalSection(ProjectConfigurationPlatforms) = postSolution
		{5846AEA8-86C9-4F86-81E7-282652939504}.Debug|Any CPU.ActiveCfg = Debug|Any CPU
		{5846AEA8-86C9-4F86-81E7-282652939504}.Debug|Any CPU.Build.0 = Debug|Any CPU
		{5846AEA8-86C9-4F86-81E7-282652939504}.Release|Any CPU.ActiveCfg = Release|Any CPU
		{5846AEA8-86C9-4F86-81E7-282652939504}.Release|Any CPU.Build.0 = Release|Any CPU
	EndGlobalSection
	GlobalSection(SolutionProperties) = preSolution
		HideSolutionNode = FALSE
	EndGlobalSection
	GlobalSection(ExtensibilityGlobals) = postSolution
		SolutionGuid = {2F5B764C-1A6D-40E4-AAE9-2263E1558879}
	EndGlobalSection
EndGlobal
